{
  "name": "@lsby/ts_pattern",
  "version": "0.0.16",
  "lockfileVersion": 2,
  "requires": true,
  "packages": {
    "": {
      "name": "@lsby/ts_pattern",
      "version": "0.0.16",
      "license": "GPL-3.0-or-later",
      "dependencies": {
        "@lsby/ts_type_fun": "^0.0.9"
      },
      "devDependencies": {
        "typescript": "^4.7.4"
      }
    },
    "node_modules/@lsby/ts_type_fun": {
      "version": "0.0.9",
      "resolved": "https://registry.npmjs.org/@lsby/ts_type_fun/-/ts_type_fun-0.0.9.tgz",
      "integrity": "sha512-Rq+nZv9EA5XKKqzhL4dEip32wEo2e3lwia2ySsg4O8NoTseFSTz51c1Z3MK21wAMOhKYqwY3fyS5UdIZvO3zhQ=="
    },
    "node_modules/typescript": {
      "version": "4.7.4",
      "resolved": "https://registry.npmjs.org/typescript/-/typescript-4.7.4.tgz",
      "integrity": "sha512-C0WQT0gezHuw6AdY1M2jxUO83Rjf0HP7Sk1DtXj6j1EwkQNZrHAg2XPWlq62oqEhYvONq5pkC2Y9oPljWToLmQ==",
      "dev": true,
      "bin": {
        "tsc": "bin/tsc",
        "tsserver": "bin/tsserver"
      },
      "engines": {
        "node": ">=4.2.0"
      }
    }
  },
  "dependencies": {
    "@lsby/ts_type_fun": {
      "version": "0.0.9",
      "resolved": "https://registry.npmjs.org/@lsby/ts_type_fun/-/ts_type_fun-0.0.9.tgz",
      "integrity": "sha512-Rq+nZv9EA5XKKqzhL4dEip32wEo2e3lwia2ySsg4O8NoTseFSTz51c1Z3MK21wAMOhKYqwY3fyS5UdIZvO3zhQ=="
    },
    "typescript": {
      "version": "4.7.4",
      "resolved": "https://registry.npmjs.org/typescript/-/typescript-4.7.4.tgz",
      "integrity": "sha512-C0WQT0gezHuw6AdY1M2jxUO83Rjf0HP7Sk1DtXj6j1EwkQNZrHAg2XPWlq62oqEhYvONq5pkC2Y9oPljWToLmQ==",
      "dev": true
    }
  }
}
